
Microsoft Visual Studio Solution File, Format Version 12.00
# Visual Studio Version 16
VisualStudioVersion = 16.0.29418.71
MinimumVisualStudioVersion = 10.0.40219.1
Project("{FAE04EC0-301F-11D3-BF4B-00C04F79EFBC}") = "SC2ServerBlocker", "SC2ServerBlocker\SC2ServerBlocker.csproj", "{6B43EB8C-9A86-44E2-845B-9864FC24C61F}"
EndProject
Global
	GlobalSection(SolutionConfigurationPlatforms) = preSolution
		Debug|Any CPU = Debug|Any CPU
		Release|Any CPU = Release|Any CPU
	EndGlobalSection
	GlobalSection(ProjectConfigurationPlatforms) = postSolution
		{6B43EB8C-9A86-44E2-845B-9864FC24C61F}.Debug|Any CPU.ActiveCfg = Debug|Any CPU
		{6B43EB8C-9A86-44E2-845B-9864FC24C61F}.Debug|Any CPU.Build.0 = Debug|Any CPU
		{6B43EB8C-9A86-44E2-845B-9864FC24C61F}.Release|Any CPU.ActiveCfg = Release|Any CPU
		{6B43EB8C-9A86-44E2-845B-9864FC24C61F}.Release|Any CPU.Build.0 = Release|Any CPU
	EndGlobalSection
	GlobalSection(SolutionProperties) = preSolution
		HideSolutionNode = FALSE
	EndGlobalSection
	GlobalSection(ExtensibilityGlobals) = postSolution
		SolutionGuid = {0FF3476E-F88F-4E31-8A79-838419F95C9E}
	EndGlobalSection
EndGlobal
